
Microsoft Visual Studio Solution File, Format Version 12.00
# Visual Studio Version 17
VisualStudioVersion = 17.14.36705.20
MinimumVisualStudioVersion = 10.0.40219.1
Project("{FAE04EC0-301F-11D3-BF4B-00C04F79EFBC}") = "Bin2Dec.Console", "Bin2Dec\Bin2Dec.Console.csproj", "{C4CEEEC2-D39C-4D92-BFF5-150F14A998FE}"
	ProjectSection(ProjectDependencies) = postProject
		{CCB75FAB-1884-40F8-BA06-277D5AC2E304} = {CCB75FAB-1884-40F8-BA06-277D5AC2E304}
	EndProjectSection
EndProject
Project("{FAE04EC0-301F-11D3-BF4B-00C04F79EFBC}") = "Bin2Dec.UI", "Bin2Dec.UI\Bin2Dec.UI.csproj", "{46BCDF9B-207F-49C8-A208-692E54BF7780}"
	ProjectSection(ProjectDependencies) = postProject
		{CCB75FAB-1884-40F8-BA06-277D5AC2E304} = {CCB75FAB-1884-40F8-BA06-277D5AC2E304}
	EndProjectSection
EndProject
Project("{FAE04EC0-301F-11D3-BF4B-00C04F79EFBC}") = "Bin2Dec.Shared", "Bin2Dec.Shared\Bin2Dec.Shared.csproj", "{CCB75FAB-1884-40F8-BA06-277D5AC2E304}"
EndProject
Project("{FAE04EC0-301F-11D3-BF4B-00C04F79EFBC}") = "Bin2Dec.WASM", "Bin2Dec.WASM\Bin2Dec.WASM\Bin2Dec.WASM.csproj", "{366A43CA-BF40-4CAE-8E90-F26EFD1CEC5E}"
EndProject
Project("{FAE04EC0-301F-11D3-BF4B-00C04F79EFBC}") = "Bin2Dec.WASM.Client", "Bin2Dec.WASM\Bin2Dec.WASM.Client\Bin2Dec.WASM.Client.csproj", "{D87F1965-A0C5-40DB-BBF3-9681D6C2F095}"
	ProjectSection(ProjectDependencies) = postProject
		{CCB75FAB-1884-40F8-BA06-277D5AC2E304} = {CCB75FAB-1884-40F8-BA06-277D5AC2E304}
	EndProjectSection
EndProject
Global
	GlobalSection(SolutionConfigurationPlatforms) = preSolution
		Debug|Any CPU = Debug|Any CPU
		Release|Any CPU = Release|Any CPU
	EndGlobalSection
	GlobalSection(ProjectConfigurationPlatforms) = postSolution
		{C4CEEEC2-D39C-4D92-BFF5-150F14A998FE}.Debug|Any CPU.ActiveCfg = Debug|Any CPU
		{C4CEEEC2-D39C-4D92-BFF5-150F14A998FE}.Debug|Any CPU.Build.0 = Debug|Any CPU
		{C4CEEEC2-D39C-4D92-BFF5-150F14A998FE}.Release|Any CPU.ActiveCfg = Release|Any CPU
		{C4CEEEC2-D39C-4D92-BFF5-150F14A998FE}.Release|Any CPU.Build.0 = Release|Any CPU
		{46BCDF9B-207F-49C8-A208-692E54BF7780}.Debug|Any CPU.ActiveCfg = Debug|Any CPU
		{46BCDF9B-207F-49C8-A208-692E54BF7780}.Debug|Any CPU.Build.0 = Debug|Any CPU
		{46BCDF9B-207F-49C8-A208-692E54BF7780}.Release|Any CPU.ActiveCfg = Release|Any CPU
		{46BCDF9B-207F-49C8-A208-692E54BF7780}.Release|Any CPU.Build.0 = Release|Any CPU
		{CCB75FAB-1884-40F8-BA06-277D5AC2E304}.Debug|Any CPU.ActiveCfg = Debug|Any CPU
		{CCB75FAB-1884-40F8-BA06-277D5AC2E304}.Debug|Any CPU.Build.0 = Debug|Any CPU
		{CCB75FAB-1884-40F8-BA06-277D5AC2E304}.Release|Any CPU.ActiveCfg = Release|Any CPU
		{CCB75FAB-1884-40F8-BA06-277D5AC2E304}.Release|Any CPU.Build.0 = Release|Any CPU
		{366A43CA-BF40-4CAE-8E90-F26EFD1CEC5E}.Debug|Any CPU.ActiveCfg = Debug|Any CPU
		{366A43CA-BF40-4CAE-8E90-F26EFD1CEC5E}.Debug|Any CPU.Build.0 = Debug|Any CPU
		{366A43CA-BF40-4CAE-8E90-F26EFD1CEC5E}.Release|Any CPU.ActiveCfg = Release|Any CPU
		{366A43CA-BF40-4CAE-8E90-F26EFD1CEC5E}.Release|Any CPU.Build.0 = Release|Any CPU
		{D87F1965-A0C5-40DB-BBF3-9681D6C2F095}.Debug|Any CPU.ActiveCfg = Debug|Any CPU
		{D87F1965-A0C5-40DB-BBF3-9681D6C2F095}.Debug|Any CPU.Build.0 = Debug|Any CPU
		{D87F1965-A0C5-40DB-BBF3-9681D6C2F095}.Release|Any CPU.ActiveCfg = Release|Any CPU
		{D87F1965-A0C5-40DB-BBF3-9681D6C2F095}.Release|Any CPU.Build.0 = Release|Any CPU
	EndGlobalSection
	GlobalSection(SolutionProperties) = preSolution
		HideSolutionNode = FALSE
	EndGlobalSection
	GlobalSection(ExtensibilityGlobals) = postSolution
		SolutionGuid = {37176644-4CC6-4B94-821A-A8360D42F6F2}
	EndGlobalSection
EndGlobal
